
Microsoft Visual Studio Solution File, Format Version 12.00
# Visual Studio 15
VisualStudioVersion = 15.0.27703.2035
MinimumVisualStudioVersion = 10.0.40219.1
Project("{FAE04EC0-301F-11D3-BF4B-00C04F79EFBC}") = "danielCherrin_ProbCalc.Android", "danielCherrin_ProbCalc\danielCherrin_ProbCalc.Android\danielCherrin_ProbCalc.Android.csproj", "{59F81839-1FB4-49B6-BD5E-86A70E17A799}"
EndProject
Project("{FAE04EC0-301F-11D3-BF4B-00C04F79EFBC}") = "danielCherrin_ProbCalc.iOS", "danielCherrin_ProbCalc\danielCherrin_ProbCalc.iOS\danielCherrin_ProbCalc.iOS.csproj", "{BCBEE65C-7940-4A83-A28C-121B2D08CBCB}"
EndProject
Project("{FAE04EC0-301F-11D3-BF4B-00C04F79EFBC}") = "danielCherrin_ProbCalc.UWP", "danielCherrin_ProbCalc\danielCherrin_ProbCalc.UWP\danielCherrin_ProbCalc.UWP.csproj", "{D75E2E0E-756F-4738-A5DC-93976DC77179}"
EndProject
Project("{FAE04EC0-301F-11D3-BF4B-00C04F79EFBC}") = "danielCherrin_ProbCalc", "danielCherrin_ProbCalc\danielCherrin_ProbCalc\danielCherrin_ProbCalc.csproj", "{5B867E24-1EE0-4E5E-A3CB-0C929E4E262D}"
EndProject
Global
	GlobalSection(SolutionConfigurationPlatforms) = preSolution
		Ad-Hoc|Any CPU = Ad-Hoc|Any CPU
		Ad-Hoc|ARM = Ad-Hoc|ARM
		Ad-Hoc|iPhone = Ad-Hoc|iPhone
		Ad-Hoc|iPhoneSimulator = Ad-Hoc|iPhoneSimulator
		Ad-Hoc|x64 = Ad-Hoc|x64
		Ad-Hoc|x86 = Ad-Hoc|x86
		AppStore|Any CPU = AppStore|Any CPU
		AppStore|ARM = AppStore|ARM
		AppStore|iPhone = AppStore|iPhone
		AppStore|iPhoneSimulator = AppStore|iPhoneSimulator
		AppStore|x64 = AppStore|x64
		AppStore|x86 = AppStore|x86
		Debug|Any CPU = Debug|Any CPU
		Debug|ARM = Debug|ARM
		Debug|iPhone = Debug|iPhone
		Debug|iPhoneSimulator = Debug|iPhoneSimulator
		Debug|x64 = Debug|x64
		Debug|x86 = Debug|x86
		Release|Any CPU = Release|Any CPU
		Release|ARM = Release|ARM
		Release|iPhone = Release|iPhone
		Release|iPhoneSimulator = Release|iPhoneSimulator
		Release|x64 = Release|x64
		Release|x86 = Release|x86
	EndGlobalSection
	GlobalSection(ProjectConfigurationPlatforms) = postSolution
		{59F81839-1FB4-49B6-BD5E-86A70E17A799}.Ad-Hoc|Any CPU.ActiveCfg = Release|Any CPU
		{59F81839-1FB4-49B6-BD5E-86A70E17A799}.Ad-Hoc|Any CPU.Build.0 = Release|Any CPU
		{59F81839-1FB4-49B6-BD5E-86A70E17A799}.Ad-Hoc|Any CPU.Deploy.0 = Release|Any CPU
		{59F81839-1FB4-49B6-BD5E-86A70E17A799}.Ad-Hoc|ARM.ActiveCfg = Release|Any CPU
		{59F81839-1FB4-49B6-BD5E-86A70E17A799}.Ad-Hoc|ARM.Build.0 = Release|Any CPU
		{59F81839-1FB4-49B6-BD5E-86A70E17A799}.Ad-Hoc|ARM.Deploy.0 = Release|Any CPU
		{59F81839-1FB4-49B6-BD5E-86A70E17A799}.Ad-Hoc|iPhone.ActiveCfg = Release|Any CPU
		{59F81839-1FB4-49B6-BD5E-86A70E17A799}.Ad-Hoc|iPhone.Build.0 = Release|Any CPU
		{59F81839-1FB4-49B6-BD5E-86A70E17A799}.Ad-Hoc|iPhone.Deploy.0 = Release|Any CPU
		{59F81839-1FB4-49B6-BD5E-86A70E17A799}.Ad-Hoc|iPhoneSimulator.ActiveCfg = Release|Any CPU
		{59F81839-1FB4-49B6-BD5E-86A70E17A799}.Ad-Hoc|iPhoneSimulator.Build.0 = Release|Any CPU
		{59F81839-1FB4-49B6-BD5E-86A70E17A799}.Ad-Hoc|iPhoneSimulator.Deploy.0 = Release|Any CPU
		{59F81839-1FB4-49B6-BD5E-86A70E17A799}.Ad-Hoc|x64.ActiveCfg = Release|Any CPU
		{59F81839-1FB4-49B6-BD5E-86A70E17A799}.Ad-Hoc|x64.Build.0 = Release|Any CPU
		{59F81839-1FB4-49B6-BD5E-86A70E17A799}.Ad-Hoc|x64.Deploy.0 = Release|Any CPU
		{59F81839-1FB4-49B6-BD5E-86A70E17A799}.Ad-Hoc|x86.ActiveCfg = Release|Any CPU
		{59F81839-1FB4-49B6-BD5E-86A70E17A799}.Ad-Hoc|x86.Build.0 = Release|Any CPU
		{59F81839-1FB4-49B6-BD5E-86A70E17A799}.Ad-Hoc|x86.Deploy.0 = Release|Any CPU
		{59F81839-1FB4-49B6-BD5E-86A70E17A799}.AppStore|Any CPU.ActiveCfg = Release|Any CPU
		{59F81839-1FB4-49B6-BD5E-86A70E17A799}.AppStore|Any CPU.Build.0 = Release|Any CPU
		{59F81839-1FB4-49B6-BD5E-86A70E17A799}.AppStore|Any CPU.Deploy.0 = Release|Any CPU
		{59F81839-1FB4-49B6-BD5E-86A70E17A799}.AppStore|ARM.ActiveCfg = Release|Any CPU
		{59F81839-1FB4-49B6-BD5E-86A70E17A799}.AppStore|ARM.Build.0 = Release|Any CPU
		{59F81839-1FB4-49B6-BD5E-86A70E17A799}.AppStore|ARM.Deploy.0 = Release|Any CPU
		{59F81839-1FB4-49B6-BD5E-86A70E17A799}.AppStore|iPhone.ActiveCfg = Release|Any CPU
		{59F81839-1FB4-49B6-BD5E-86A70E17A799}.AppStore|iPhone.Build.0 = Release|Any CPU
		{59F81839-1FB4-49B6-BD5E-86A70E17A799}.AppStore|iPhone.Deploy.0 = Release|Any CPU
		{59F81839-1FB4-49B6-BD5E-86A70E17A799}.AppStore|iPhoneSimulator.ActiveCfg = Release|Any CPU
		{59F81839-1FB4-49B6-BD5E-86A70E17A799}.AppStore|iPhoneSimulator.Build.0 = Release|Any CPU
		{59F81839-1FB4-49B6-BD5E-86A70E17A799}.AppStore|iPhoneSimulator.Deploy.0 = Release|Any CPU
		{59F81839-1FB4-49B6-BD5E-86A70E17A799}.AppStore|x64.ActiveCfg = Release|Any CPU
		{59F81839-1FB4-49B6-BD5E-86A70E17A799}.AppStore|x64.Build.0 = Release|Any CPU
		{59F81839-1FB4-49B6-BD5E-86A70E17A799}.AppStore|x64.Deploy.0 = Release|Any CPU
		{59F81839-1FB4-49B6-BD5E-86A70E17A799}.AppStore|x86.ActiveCfg = Release|Any CPU
		{59F81839-1FB4-49B6-BD5E-86A70E17A799}.AppStore|x86.Build.0 = Release|Any CPU
		{59F81839-1FB4-49B6-BD5E-86A70E17A799}.AppStore|x86.Deploy.0 = Release|Any CPU
		{59F81839-1FB4-49B6-BD5E-86A70E17A799}.Debug|Any CPU.ActiveCfg = Debug|Any CPU
		{59F81839-1FB4-49B6-BD5E-86A70E17A799}.Debug|Any CPU.Build.0 = Debug|Any CPU
		{59F81839-1FB4-49B6-BD5E-86A70E17A799}.Debug|Any CPU.Deploy.0 = Debug|Any CPU
		{59F81839-1FB4-49B6-BD5E-86A70E17A799}.Debug|ARM.ActiveCfg = Debug|Any CPU
		{59F81839-1FB4-49B6-BD5E-86A70E17A799}.Debug|ARM.Build.0 = Debug|Any CPU
		{59F81839-1FB4-49B6-BD5E-86A70E17A799}.Debug|ARM.Deploy.0 = Debug|Any CPU
		{59F81839-1FB4-49B6-BD5E-86A70E17A799}.Debug|iPhone.ActiveCfg = Debug|Any CPU
		{59F81839-1FB4-49B6-BD5E-86A70E17A799}.Debug|iPhone.Build.0 = Debug|Any CPU
		{59F81839-1FB4-49B6-BD5E-86A70E17A799}.Debug|iPhone.Deploy.0 = Debug|Any CPU
		{59F81839-1FB4-49B6-BD5E-86A70E17A799}.Debug|iPhoneSimulator.ActiveCfg = Debug|Any CPU
		{59F81839-1FB4-49B6-BD5E-86A70E17A799}.Debug|iPhoneSimulator.Build.0 = Debug|Any CPU
		{59F81839-1FB4-49B6-BD5E-86A70E17A799}.Debug|iPhoneSimulator.Deploy.0 = Debug|Any CPU
		{59F81839-1FB4-49B6-BD5E-86A70E17A799}.Debug|x64.ActiveCfg = Debug|Any CPU
		{59F81839-1FB4-49B6-BD5E-86A70E17A799}.Debug|x64.Build.0 = Debug|Any CPU
		{59F81839-1FB4-49B6-BD5E-86A70E17A799}.Debug|x64.Deploy.0 = Debug|Any CPU
		{59F81839-1FB4-49B6-BD5E-86A70E17A799}.Debug|x86.ActiveCfg = Debug|Any CPU
		{59F81839-1FB4-49B6-BD5E-86A70E17A799}.Debug|x86.Build.0 = Debug|Any CPU
		{59F81839-1FB4-49B6-BD5E-86A70E17A799}.Debug|x86.Deploy.0 = Debug|Any CPU
		{59F81839-1FB4-49B6-BD5E-86A70E17A799}.Release|Any CPU.ActiveCfg = Release|Any CPU
		{59F81839-1FB4-49B6-BD5E-86A70E17A799}.Release|Any CPU.Build.0 = Release|Any CPU
		{59F81839-1FB4-49B6-BD5E-86A70E17A799}.Release|Any CPU.Deploy.0 = Release|Any CPU
		{59F81839-1FB4-49B6-BD5E-86A70E17A799}.Release|ARM.ActiveCfg = Release|Any CPU
		{59F81839-1FB4-49B6-BD5E-86A70E17A799}.Release|ARM.Build.0 = Release|Any CPU
		{59F81839-1FB4-49B6-BD5E-86A70E17A799}.Release|ARM.Deploy.0 = Release|Any CPU
		{59F81839-1FB4-49B6-BD5E-86A70E17A799}.Release|iPhone.ActiveCfg = Release|Any CPU
		{59F81839-1FB4-49B6-BD5E-86A70E17A799}.Release|iPhone.Build.0 = Release|Any CPU
		{59F81839-1FB4-49B6-BD5E-86A70E17A799}.Release|iPhone.Deploy.0 = Release|Any CPU
		{59F81839-1FB4-49B6-BD5E-86A70E17A799}.Release|iPhoneSimulator.ActiveCfg = Release|Any CPU
		{59F81839-1FB4-49B6-BD5E-86A70E17A799}.Release|iPhoneSimulator.Build.0 = Release|Any CPU
		{59F81839-1FB4-49B6-BD5E-86A70E17A799}.Release|iPhoneSimulator.Deploy.0 = Release|Any CPU
		{59F81839-1FB4-49B6-BD5E-86A70E17A799}.Release|x64.ActiveCfg = Release|Any CPU
		{59F81839-1FB4-49B6-BD5E-86A70E17A799}.Release|x64.Build.0 = Release|Any CPU
		{59F81839-1FB4-49B6-BD5E-86A70E17A799}.Release|x64.Deploy.0 = Release|Any CPU
		{59F81839-1FB4-49B6-BD5E-86A70E17A799}.Release|x86.ActiveCfg = Release|Any CPU
		{59F81839-1FB4-49B6-BD5E-86A70E17A799}.Release|x86.Build.0 = Release|Any CPU
		{59F81839-1FB4-49B6-BD5E-86A70E17A799}.Release|x86.Deploy.0 = Release|Any CPU
		{BCBEE65C-7940-4A83-A28C-121B2D08CBCB}.Ad-Hoc|Any CPU.ActiveCfg = Ad-Hoc|iPhone
		{BCBEE65C-7940-4A83-A28C-121B2D08CBCB}.Ad-Hoc|Any CPU.Build.0 = Ad-Hoc|iPhone
		{BCBEE65C-7940-4A83-A28C-121B2D08CBCB}.Ad-Hoc|Any CPU.Deploy.0 = Ad-Hoc|iPhone
		{BCBEE65C-7940-4A83-A28C-121B2D08CBCB}.Ad-Hoc|ARM.ActiveCfg = Ad-Hoc|iPhone
		{BCBEE65C-7940-4A83-A28C-121B2D08CBCB}.Ad-Hoc|ARM.Build.0 = Ad-Hoc|iPhone
		{BCBEE65C-7940-4A83-A28C-121B2D08CBCB}.Ad-Hoc|ARM.Deploy.0 = Ad-Hoc|iPhone
		{BCBEE65C-7940-4A83-A28C-121B2D08CBCB}.Ad-Hoc|iPhone.ActiveCfg = Ad-Hoc|iPhone
		{BCBEE65C-7940-4A83-A28C-121B2D08CBCB}.Ad-Hoc|iPhone.Build.0 = Ad-Hoc|iPhone
		{BCBEE65C-7940-4A83-A28C-121B2D08CBCB}.Ad-Hoc|iPhone.Deploy.0 = Ad-Hoc|iPhone
		{BCBEE65C-7940-4A83-A28C-121B2D08CBCB}.Ad-Hoc|iPhoneSimulator.ActiveCfg = Ad-Hoc|iPhoneSimulator
		{BCBEE65C-7940-4A83-A28C-121B2D08CBCB}.Ad-Hoc|iPhoneSimulator.Build.0 = Ad-Hoc|iPhoneSimulator
		{BCBEE65C-7940-4A83-A28C-121B2D08CBCB}.Ad-Hoc|iPhoneSimulator.Deploy.0 = Ad-Hoc|iPhoneSimulator
		{BCBEE65C-7940-4A83-A28C-121B2D08CBCB}.Ad-Hoc|x64.ActiveCfg = Ad-Hoc|iPhone
		{BCBEE65C-7940-4A83-A28C-121B2D08CBCB}.Ad-Hoc|x64.Build.0 = Ad-Hoc|iPhone
		{BCBEE65C-7940-4A83-A28C-121B2D08CBCB}.Ad-Hoc|x64.Deploy.0 = Ad-Hoc|iPhone
		{BCBEE65C-7940-4A83-A28C-121B2D08CBCB}.Ad-Hoc|x86.ActiveCfg = Ad-Hoc|iPhone
		{BCBEE65C-7940-4A83-A28C-121B2D08CBCB}.Ad-Hoc|x86.Build.0 = Ad-Hoc|iPhone
		{BCBEE65C-7940-4A83-A28C-121B2D08CBCB}.Ad-Hoc|x86.Deploy.0 = Ad-Hoc|iPhone
		{BCBEE65C-7940-4A83-A28C-121B2D08CBCB}.AppStore|Any CPU.ActiveCfg = AppStore|iPhone
		{BCBEE65C-7940-4A83-A28C-121B2D08CBCB}.AppStore|Any CPU.Build.0 = AppStore|iPhone
		{BCBEE65C-7940-4A83-A28C-121B2D08CBCB}.AppStore|Any CPU.Deploy.0 = AppStore|iPhone
		{BCBEE65C-7940-4A83-A28C-121B2D08CBCB}.AppStore|ARM.ActiveCfg = AppStore|iPhone
		{BCBEE65C-7940-4A83-A28C-121B2D08CBCB}.AppStore|ARM.Build.0 = AppStore|iPhone
		{BCBEE65C-7940-4A83-A28C-121B2D08CBCB}.AppStore|ARM.Deploy.0 = AppStore|iPhone
		{BCBEE65C-7940-4A83-A28C-121B2D08CBCB}.AppStore|iPhone.ActiveCfg = AppStore|iPhone
		{BCBEE65C-7940-4A83-A28C-121B2D08CBCB}.AppStore|iPhone.Build.0 = AppStore|iPhone
		{BCBEE65C-7940-4A83-A28C-121B2D08CBCB}.AppStore|iPhone.Deploy.0 = AppStore|iPhone
		{BCBEE65C-7940-4A83-A28C-121B2D08CBCB}.AppStore|iPhoneSimulator.ActiveCfg = AppStore|iPhoneSimulator
		{BCBEE65C-7940-4A83-A28C-121B2D08CBCB}.AppStore|iPhoneSimulator.Build.0 = AppStore|iPhoneSimulator
		{BCBEE65C-7940-4A83-A28C-121B2D08CBCB}.AppStore|iPhoneSimulator.Deploy.0 = AppStore|iPhoneSimulator
		{BCBEE65C-7940-4A83-A28C-121B2D08CBCB}.AppStore|x64.ActiveCfg = AppStore|iPhone
		{BCBEE65C-7940-4A83-A28C-121B2D08CBCB}.AppStore|x64.Build.0 = AppStore|iPhone
		{BCBEE65C-7940-4A83-A28C-121B2D08CBCB}.AppStore|x64.Deploy.0 = AppStore|iPhone
		{BCBEE65C-7940-4A83-A28C-121B2D08CBCB}.AppStore|x86.ActiveCfg = AppStore|iPhone
		{BCBEE65C-7940-4A83-A28C-121B2D08CBCB}.AppStore|x86.Build.0 = AppStore|iPhone
		{BCBEE65C-7940-4A83-A28C-121B2D08CBCB}.AppStore|x86.Deploy.0 = AppStore|iPhone
		{BCBEE65C-7940-4A83-A28C-121B2D08CBCB}.Debug|Any CPU.ActiveCfg = Debug|iPhoneSimulator
		{BCBEE65C-7940-4A83-A28C-121B2D08CBCB}.Debug|Any CPU.Build.0 = Debug|iPhoneSimulator
		{BCBEE65C-7940-4A83-A28C-121B2D08CBCB}.Debug|Any CPU.Deploy.0 = Debug|iPhoneSimulator
		{BCBEE65C-7940-4A83-A28C-121B2D08CBCB}.Debug|ARM.ActiveCfg = Debug|iPhone
		{BCBEE65C-7940-4A83-A28C-121B2D08CBCB}.Debug|ARM.Build.0 = Debug|iPhone
		{BCBEE65C-7940-4A83-A28C-121B2D08CBCB}.Debug|ARM.Deploy.0 = Debug|iPhone
		{BCBEE65C-7940-4A83-A28C-121B2D08CBCB}.Debug|iPhone.ActiveCfg = Debug|iPhone
		{BCBEE65C-7940-4A83-A28C-121B2D08CBCB}.Debug|iPhone.Build.0 = Debug|iPhone
		{BCBEE65C-7940-4A83-A28C-121B2D08CBCB}.Debug|iPhone.Deploy.0 = Debug|iPhone
		{BCBEE65C-7940-4A83-A28C-121B2D08CBCB}.Debug|iPhoneSimulator.ActiveCfg = Debug|iPhoneSimulator
		{BCBEE65C-7940-4A83-A28C-121B2D08CBCB}.Debug|iPhoneSimulator.Build.0 = Debug|iPhoneSimulator
		{BCBEE65C-7940-4A83-A28C-121B2D08CBCB}.Debug|iPhoneSimulator.Deploy.0 = Debug|iPhoneSimulator
		{BCBEE65C-7940-4A83-A28C-121B2D08CBCB}.Debug|x64.ActiveCfg = Debug|iPhone
		{BCBEE65C-7940-4A83-A28C-121B2D08CBCB}.Debug|x64.Build.0 = Debug|iPhone
		{BCBEE65C-7940-4A83-A28C-121B2D08CBCB}.Debug|x64.Deploy.0 = Debug|iPhone
		{BCBEE65C-7940-4A83-A28C-121B2D08CBCB}.Debug|x86.ActiveCfg = Debug|iPhone
		{BCBEE65C-7940-4A83-A28C-121B2D08CBCB}.Debug|x86.Build.0 = Debug|iPhone
		{BCBEE65C-7940-4A83-A28C-121B2D08CBCB}.Debug|x86.Deploy.0 = Debug|iPhone
		{BCBEE65C-7940-4A83-A28C-121B2D08CBCB}.Release|Any CPU.ActiveCfg = Release|iPhone
		{BCBEE65C-7940-4A83-A28C-121B2D08CBCB}.Release|Any CPU.Build.0 = Release|iPhone
		{BCBEE65C-7940-4A83-A28C-121B2D08CBCB}.Release|Any CPU.Deploy.0 = Release|iPhone
		{BCBEE65C-7940-4A83-A28C-121B2D08CBCB}.Release|ARM.ActiveCfg = Release|iPhone
		{BCBEE65C-7940-4A83-A28C-121B2D08CBCB}.Release|ARM.Build.0 = Release|iPhone
		{BCBEE65C-7940-4A83-A28C-121B2D08CBCB}.Release|ARM.Deploy.0 = Release|iPhone
		{BCBEE65C-7940-4A83-A28C-121B2D08CBCB}.Release|iPhone.ActiveCfg = Release|iPhone
		{BCBEE65C-7940-4A83-A28C-121B2D08CBCB}.Release|iPhone.Build.0 = Release|iPhone
		{BCBEE65C-7940-4A83-A28C-121B2D08CBCB}.Release|iPhone.Deploy.0 = Release|iPhone
		{BCBEE65C-7940-4A83-A28C-121B2D08CBCB}.Release|iPhoneSimulator.ActiveCfg = Release|iPhoneSimulator
		{BCBEE65C-7940-4A83-A28C-121B2D08CBCB}.Release|iPhoneSimulator.Build.0 = Release|iPhoneSimulator
		{BCBEE65C-7940-4A83-A28C-121B2D08CBCB}.Release|iPhoneSimulator.Deploy.0 = Release|iPhoneSimulator
		{BCBEE65C-7940-4A83-A28C-121B2D08CBCB}.Release|x64.ActiveCfg = Release|iPhone
		{BCBEE65C-7940-4A83-A28C-121B2D08CBCB}.Release|x64.Build.0 = Release|iPhone
		{BCBEE65C-7940-4A83-A28C-121B2D08CBCB}.Release|x64.Deploy.0 = Release|iPhone
		{BCBEE65C-7940-4A83-A28C-121B2D08CBCB}.Release|x86.ActiveCfg = Release|iPhone
		{BCBEE65C-7940-4A83-A28C-121B2D08CBCB}.Release|x86.Build.0 = Release|iPhone
		{BCBEE65C-7940-4A83-A28C-121B2D08CBCB}.Release|x86.Deploy.0 = Release|iPhone
		{D75E2E0E-756F-4738-A5DC-93976DC77179}.Ad-Hoc|Any CPU.ActiveCfg = Release|x86
		{D75E2E0E-756F-4738-A5DC-93976DC77179}.Ad-Hoc|Any CPU.Build.0 = Release|x86
		{D75E2E0E-756F-4738-A5DC-93976DC77179}.Ad-Hoc|Any CPU.Deploy.0 = Release|x86
		{D75E2E0E-756F-4738-A5DC-93976DC77179}.Ad-Hoc|ARM.ActiveCfg = Release|ARM
		{D75E2E0E-756F-4738-A5DC-93976DC77179}.Ad-Hoc|ARM.Build.0 = Release|ARM
		{D75E2E0E-756F-4738-A5DC-93976DC77179}.Ad-Hoc|ARM.Deploy.0 = Release|ARM
		{D75E2E0E-756F-4738-A5DC-93976DC77179}.Ad-Hoc|iPhone.ActiveCfg = Release|x86
		{D75E2E0E-756F-4738-A5DC-93976DC77179}.Ad-Hoc|iPhone.Build.0 = Release|x86
		{D75E2E0E-756F-4738-A5DC-93976DC77179}.Ad-Hoc|iPhone.Deploy.0 = Release|x86
		{D75E2E0E-756F-4738-A5DC-93976DC77179}.Ad-Hoc|iPhoneSimulator.ActiveCfg = Release|x86
		{D75E2E0E-756F-4738-A5DC-93976DC77179}.Ad-Hoc|iPhoneSimulator.Build.0 = Release|x86
		{D75E2E0E-756F-4738-A5DC-93976DC77179}.Ad-Hoc|iPhoneSimulator.Deploy.0 = Release|x86
		{D75E2E0E-756F-4738-A5DC-93976DC77179}.Ad-Hoc|x64.ActiveCfg = Release|x64
		{D75E2E0E-756F-4738-A5DC-93976DC77179}.Ad-Hoc|x64.Build.0 = Release|x64
		{D75E2E0E-756F-4738-A5DC-93976DC77179}.Ad-Hoc|x64.Deploy.0 = Release|x64
		{D75E2E0E-756F-4738-A5DC-93976DC77179}.Ad-Hoc|x86.ActiveCfg = Release|x86
		{D75E2E0E-756F-4738-A5DC-93976DC77179}.Ad-Hoc|x86.Build.0 = Release|x86
		{D75E2E0E-756F-4738-A5DC-93976DC77179}.Ad-Hoc|x86.Deploy.0 = Release|x86
		{D75E2E0E-756F-4738-A5DC-93976DC77179}.AppStore|Any CPU.ActiveCfg = Release|x86
		{D75E2E0E-756F-4738-A5DC-93976DC77179}.AppStore|Any CPU.Build.0 = Release|x86
		{D75E2E0E-756F-4738-A5DC-93976DC77179}.AppStore|Any CPU.Deploy.0 = Release|x86
		{D75E2E0E-756F-4738-A5DC-93976DC77179}.AppStore|ARM.ActiveCfg = Release|ARM
		{D75E2E0E-756F-4738-A5DC-93976DC77179}.AppStore|ARM.Build.0 = Release|ARM
		{D75E2E0E-756F-4738-A5DC-93976DC77179}.AppStore|ARM.Deploy.0 = Release|ARM
		{D75E2E0E-756F-4738-A5DC-93976DC77179}.AppStore|iPhone.ActiveCfg = Release|x86
		{D75E2E0E-756F-4738-A5DC-93976DC77179}.AppStore|iPhone.Build.0 = Release|x86
		{D75E2E0E-756F-4738-A5DC-93976DC77179}.AppStore|iPhone.Deploy.0 = Release|x86
		{D75E2E0E-756F-4738-A5DC-93976DC77179}.AppStore|iPhoneSimulator.ActiveCfg = Release|x86
		{D75E2E0E-756F-4738-A5DC-93976DC77179}.AppStore|iPhoneSimulator.Build.0 = Release|x86
		{D75E2E0E-756F-4738-A5DC-93976DC77179}.AppStore|iPhoneSimulator.Deploy.0 = Release|x86
		{D75E2E0E-756F-4738-A5DC-93976DC77179}.AppStore|x64.ActiveCfg = Release|x64
		{D75E2E0E-756F-4738-A5DC-93976DC77179}.AppStore|x64.Build.0 = Release|x64
		{D75E2E0E-756F-4738-A5DC-93976DC77179}.AppStore|x64.Deploy.0 = Release|x64
		{D75E2E0E-756F-4738-A5DC-93976DC77179}.AppStore|x86.ActiveCfg = Release|x86
		{D75E2E0E-756F-4738-A5DC-93976DC77179}.AppStore|x86.Build.0 = Release|x86
		{D75E2E0E-756F-4738-A5DC-93976DC77179}.AppStore|x86.Deploy.0 = Release|x86
		{D75E2E0E-756F-4738-A5DC-93976DC77179}.Debug|Any CPU.ActiveCfg = Debug|x86
		{D75E2E0E-756F-4738-A5DC-93976DC77179}.Debug|Any CPU.Build.0 = Debug|x86
		{D75E2E0E-756F-4738-A5DC-93976DC77179}.Debug|Any CPU.Deploy.0 = Debug|x86
		{D75E2E0E-756F-4738-A5DC-93976DC77179}.Debug|ARM.ActiveCfg = Debug|ARM
		{D75E2E0E-756F-4738-A5DC-93976DC77179}.Debug|ARM.Build.0 = Debug|ARM
		{D75E2E0E-756F-4738-A5DC-93976DC77179}.Debug|ARM.Deploy.0 = Debug|ARM
		{D75E2E0E-756F-4738-A5DC-93976DC77179}.Debug|iPhone.ActiveCfg = Debug|x86
		{D75E2E0E-756F-4738-A5DC-93976DC77179}.Debug|iPhone.Build.0 = Debug|x86
		{D75E2E0E-756F-4738-A5DC-93976DC77179}.Debug|iPhone.Deploy.0 = Debug|x86
		{D75E2E0E-756F-4738-A5DC-93976DC77179}.Debug|iPhoneSimulator.ActiveCfg = Debug|x86
		{D75E2E0E-756F-4738-A5DC-93976DC77179}.Debug|iPhoneSimulator.Build.0 = Debug|x86
		{D75E2E0E-756F-4738-A5DC-93976DC77179}.Debug|iPhoneSimulator.Deploy.0 = Debug|x86
		{D75E2E0E-756F-4738-A5DC-93976DC77179}.Debug|x64.ActiveCfg = Debug|x64
		{D75E2E0E-756F-4738-A5DC-93976DC77179}.Debug|x64.Build.0 = Debug|x64
		{D75E2E0E-756F-4738-A5DC-93976DC77179}.Debug|x64.Deploy.0 = Debug|x64
		{D75E2E0E-756F-4738-A5DC-93976DC77179}.Debug|x86.ActiveCfg = Debug|x86
		{D75E2E0E-756F-4738-A5DC-93976DC77179}.Debug|x86.Build.0 = Debug|x86
		{D75E2E0E-756F-4738-A5DC-93976DC77179}.Debug|x86.Deploy.0 = Debug|x86
		{D75E2E0E-756F-4738-A5DC-93976DC77179}.Release|Any CPU.ActiveCfg = Release|x86
		{D75E2E0E-756F-4738-A5DC-93976DC77179}.Release|Any CPU.Build.0 = Release|x86
		{D75E2E0E-756F-4738-A5DC-93976DC77179}.Release|Any CPU.Deploy.0 = Release|x86
		{D75E2E0E-756F-4738-A5DC-93976DC77179}.Release|ARM.ActiveCfg = Release|ARM
		{D75E2E0E-756F-4738-A5DC-93976DC77179}.Release|ARM.Build.0 = Release|ARM
		{D75E2E0E-756F-4738-A5DC-93976DC77179}.Release|ARM.Deploy.0 = Release|ARM
		{D75E2E0E-756F-4738-A5DC-93976DC77179}.Release|iPhone.ActiveCfg = Release|x86
		{D75E2E0E-756F-4738-A5DC-93976DC77179}.Release|iPhone.Build.0 = Release|x86
		{D75E2E0E-756F-4738-A5DC-93976DC77179}.Release|iPhone.Deploy.0 = Release|x86
		{D75E2E0E-756F-4738-A5DC-93976DC77179}.Release|iPhoneSimulator.ActiveCfg = Release|x86
		{D75E2E0E-756F-4738-A5DC-93976DC77179}.Release|iPhoneSimulator.Build.0 = Release|x86
		{D75E2E0E-756F-4738-A5DC-93976DC77179}.Release|iPhoneSimulator.Deploy.0 = Release|x86
		{D75E2E0E-756F-4738-A5DC-93976DC77179}.Release|x64.ActiveCfg = Release|x64
		{D75E2E0E-756F-4738-A5DC-93976DC77179}.Release|x64.Build.0 = Release|x64
		{D75E2E0E-756F-4738-A5DC-93976DC77179}.Release|x64.Deploy.0 = Release|x64
		{D75E2E0E-756F-4738-A5DC-93976DC77179}.Release|x86.ActiveCfg = Release|x86
		{D75E2E0E-756F-4738-A5DC-93976DC77179}.Release|x86.Build.0 = Release|x86
		{D75E2E0E-756F-4738-A5DC-93976DC77179}.Release|x86.Deploy.0 = Release|x86
		{5B867E24-1EE0-4E5E-A3CB-0C929E4E262D}.Ad-Hoc|Any CPU.ActiveCfg = Debug|Any CPU
		{5B867E24-1EE0-4E5E-A3CB-0C929E4E262D}.Ad-Hoc|Any CPU.Build.0 = Debug|Any CPU
		{5B867E24-1EE0-4E5E-A3CB-0C929E4E262D}.Ad-Hoc|Any CPU.Deploy.0 = Debug|Any CPU
		{5B867E24-1EE0-4E5E-A3CB-0C929E4E262D}.Ad-Hoc|ARM.ActiveCfg = Debug|Any CPU
		{5B867E24-1EE0-4E5E-A3CB-0C929E4E262D}.Ad-Hoc|ARM.Build.0 = Debug|Any CPU
		{5B867E24-1EE0-4E5E-A3CB-0C929E4E262D}.Ad-Hoc|ARM.Deploy.0 = Debug|Any CPU
		{5B867E24-1EE0-4E5E-A3CB-0C929E4E262D}.Ad-Hoc|iPhone.ActiveCfg = Debug|Any CPU
		{5B867E24-1EE0-4E5E-A3CB-0C929E4E262D}.Ad-Hoc|iPhone.Build.0 = Debug|Any CPU
		{5B867E24-1EE0-4E5E-A3CB-0C929E4E262D}.Ad-Hoc|iPhone.Deploy.0 = Debug|Any CPU
		{5B867E24-1EE0-4E5E-A3CB-0C929E4E262D}.Ad-Hoc|iPhoneSimulator.ActiveCfg = Debug|Any CPU
		{5B867E24-1EE0-4E5E-A3CB-0C929E4E262D}.Ad-Hoc|iPhoneSimulator.Build.0 = Debug|Any CPU
		{5B867E24-1EE0-4E5E-A3CB-0C929E4E262D}.Ad-Hoc|iPhoneSimulator.Deploy.0 = Debug|Any CPU
		{5B867E24-1EE0-4E5E-A3CB-0C929E4E262D}.Ad-Hoc|x64.ActiveCfg = Debug|Any CPU
		{5B867E24-1EE0-4E5E-A3CB-0C929E4E262D}.Ad-Hoc|x64.Build.0 = Debug|Any CPU
		{5B867E24-1EE0-4E5E-A3CB-0C929E4E262D}.Ad-Hoc|x64.Deploy.0 = Debug|Any CPU
		{5B867E24-1EE0-4E5E-A3CB-0C929E4E262D}.Ad-Hoc|x86.ActiveCfg = Debug|Any CPU
		{5B867E24-1EE0-4E5E-A3CB-0C929E4E262D}.Ad-Hoc|x86.Build.0 = Debug|Any CPU
		{5B867E24-1EE0-4E5E-A3CB-0C929E4E262D}.Ad-Hoc|x86.Deploy.0 = Debug|Any CPU
		{5B867E24-1EE0-4E5E-A3CB-0C929E4E262D}.AppStore|Any CPU.ActiveCfg = Debug|Any CPU
		{5B867E24-1EE0-4E5E-A3CB-0C929E4E262D}.AppStore|Any CPU.Build.0 = Debug|Any CPU
		{5B867E24-1EE0-4E5E-A3CB-0C929E4E262D}.AppStore|Any CPU.Deploy.0 = Debug|Any CPU
		{5B867E24-1EE0-4E5E-A3CB-0C929E4E262D}.AppStore|ARM.ActiveCfg = Debug|Any CPU
		{5B867E24-1EE0-4E5E-A3CB-0C929E4E262D}.AppStore|ARM.Build.0 = Debug|Any CPU
		{5B867E24-1EE0-4E5E-A3CB-0C929E4E262D}.AppStore|ARM.Deploy.0 = Debug|Any CPU
		{5B867E24-1EE0-4E5E-A3CB-0C929E4E262D}.AppStore|iPhone.ActiveCfg = Debug|Any CPU
		{5B867E24-1EE0-4E5E-A3CB-0C929E4E262D}.AppStore|iPhone.Build.0 = Debug|Any CPU
		{5B867E24-1EE0-4E5E-A3CB-0C929E4E262D}.AppStore|iPhone.Deploy.0 = Debug|Any CPU
		{5B867E24-1EE0-4E5E-A3CB-0C929E4E262D}.AppStore|iPhoneSimulator.ActiveCfg = Debug|Any CPU
		{5B867E24-1EE0-4E5E-A3CB-0C929E4E262D}.AppStore|iPhoneSimulator.Build.0 = Debug|Any CPU
		{5B867E24-1EE0-4E5E-A3CB-0C929E4E262D}.AppStore|iPhoneSimulator.Deploy.0 = Debug|Any CPU
		{5B867E24-1EE0-4E5E-A3CB-0C929E4E262D}.AppStore|x64.ActiveCfg = Debug|Any CPU
		{5B867E24-1EE0-4E5E-A3CB-0C929E4E262D}.AppStore|x64.Build.0 = Debug|Any CPU
		{5B867E24-1EE0-4E5E-A3CB-0C929E4E262D}.AppStore|x64.Deploy.0 = Debug|Any CPU
		{5B867E24-1EE0-4E5E-A3CB-0C929E4E262D}.AppStore|x86.ActiveCfg = Debug|Any CPU
		{5B867E24-1EE0-4E5E-A3CB-0C929E4E262D}.AppStore|x86.Build.0 = Debug|Any CPU
		{5B867E24-1EE0-4E5E-A3CB-0C929E4E262D}.AppStore|x86.Deploy.0 = Debug|Any CPU
		{5B867E24-1EE0-4E5E-A3CB-0C929E4E262D}.Debug|Any CPU.ActiveCfg = Debug|Any CPU
		{5B867E24-1EE0-4E5E-A3CB-0C929E4E262D}.Debug|Any CPU.Build.0 = Debug|Any CPU
		{5B867E24-1EE0-4E5E-A3CB-0C929E4E262D}.Debug|Any CPU.Deploy.0 = Debug|Any CPU
		{5B867E24-1EE0-4E5E-A3CB-0C929E4E262D}.Debug|ARM.ActiveCfg = Debug|Any CPU
		{5B867E24-1EE0-4E5E-A3CB-0C929E4E262D}.Debug|ARM.Build.0 = Debug|Any CPU
		{5B867E24-1EE0-4E5E-A3CB-0C929E4E262D}.Debug|ARM.Deploy.0 = Debug|Any CPU
		{5B867E24-1EE0-4E5E-A3CB-0C929E4E262D}.Debug|iPhone.ActiveCfg = Debug|Any CPU
		{5B867E24-1EE0-4E5E-A3CB-0C929E4E262D}.Debug|iPhone.Build.0 = Debug|Any CPU
		{5B867E24-1EE0-4E5E-A3CB-0C929E4E262D}.Debug|iPhone.Deploy.0 = Debug|Any CPU
		{5B867E24-1EE0-4E5E-A3CB-0C929E4E262D}.Debug|iPhoneSimulator.ActiveCfg = Debug|Any CPU
		{5B867E24-1EE0-4E5E-A3CB-0C929E4E262D}.Debug|iPhoneSimulator.Build.0 = Debug|Any CPU
		{5B867E24-1EE0-4E5E-A3CB-0C929E4E262D}.Debug|iPhoneSimulator.Deploy.0 = Debug|Any CPU
		{5B867E24-1EE0-4E5E-A3CB-0C929E4E262D}.Debug|x64.ActiveCfg = Debug|Any CPU
		{5B867E24-1EE0-4E5E-A3CB-0C929E4E262D}.Debug|x64.Build.0 = Debug|Any CPU
		{5B867E24-1EE0-4E5E-A3CB-0C929E4E262D}.Debug|x64.Deploy.0 = Debug|Any CPU
		{5B867E24-1EE0-4E5E-A3CB-0C929E4E262D}.Debug|x86.ActiveCfg = Debug|Any CPU
		{5B867E24-1EE0-4E5E-A3CB-0C929E4E262D}.Debug|x86.Build.0 = Debug|Any CPU
		{5B867E24-1EE0-4E5E-A3CB-0C929E4E262D}.Debug|x86.Deploy.0 = Debug|Any CPU
		{5B867E24-1EE0-4E5E-A3CB-0C929E4E262D}.Release|Any CPU.ActiveCfg = Release|Any CPU
		{5B867E24-1EE0-4E5E-A3CB-0C929E4E262D}.Release|Any CPU.Build.0 = Release|Any CPU
		{5B867E24-1EE0-4E5E-A3CB-0C929E4E262D}.Release|Any CPU.Deploy.0 = Release|Any CPU
		{5B867E24-1EE0-4E5E-A3CB-0C929E4E262D}.Release|ARM.ActiveCfg = Release|Any CPU
		{5B867E24-1EE0-4E5E-A3CB-0C929E4E262D}.Release|ARM.Build.0 = Release|Any CPU
		{5B867E24-1EE0-4E5E-A3CB-0C929E4E262D}.Release|ARM.Deploy.0 = Release|Any CPU
		{5B867E24-1EE0-4E5E-A3CB-0C929E4E262D}.Release|iPhone.ActiveCfg = Release|Any CPU
		{5B867E24-1EE0-4E5E-A3CB-0C929E4E262D}.Release|iPhone.Build.0 = Release|Any CPU
		{5B867E24-1EE0-4E5E-A3CB-0C929E4E262D}.Release|iPhone.Deploy.0 = Release|Any CPU
		{5B867E24-1EE0-4E5E-A3CB-0C929E4E262D}.Release|iPhoneSimulator.ActiveCfg = Release|Any CPU
		{5B867E24-1EE0-4E5E-A3CB-0C929E4E262D}.Release|iPhoneSimulator.Build.0 = Release|Any CPU
		{5B867E24-1EE0-4E5E-A3CB-0C929E4E262D}.Release|iPhoneSimulator.Deploy.0 = Release|Any CPU
		{5B867E24-1EE0-4E5E-A3CB-0C929E4E262D}.Release|x64.ActiveCfg = Release|Any CPU
		{5B867E24-1EE0-4E5E-A3CB-0C929E4E262D}.Release|x64.Build.0 = Release|Any CPU
		{5B867E24-1EE0-4E5E-A3CB-0C929E4E262D}.Release|x64.Deploy.0 = Release|Any CPU
		{5B867E24-1EE0-4E5E-A3CB-0C929E4E262D}.Release|x86.ActiveCfg = Release|Any CPU
		{5B867E24-1EE0-4E5E-A3CB-0C929E4E262D}.Release|x86.Build.0 = Release|Any CPU
		{5B867E24-1EE0-4E5E-A3CB-0C929E4E262D}.Release|x86.Deploy.0 = Release|Any CPU
	EndGlobalSection
	GlobalSection(SolutionProperties) = preSolution
		HideSolutionNode = FALSE
	EndGlobalSection
	GlobalSection(ExtensibilityGlobals) = postSolution
		SolutionGuid = {28500942-1DD0-4845-AD9C-25B67D769BAA}
	EndGlobalSection
EndGlobal
